
Microsoft Visual Studio Solution File, Format Version 12.00
# Visual Studio Version 17
VisualStudioVersion = 17.0.32014.148
MinimumVisualStudioVersion = 10.0.40219.1
Project("{FAE04EC0-301F-11D3-BF4B-00C04F79EFBC}") = "BlazorApp", "BlazorApp\BlazorApp.csproj", "{5C97A587-FEFC-40D6-A697-4784F587FBBF}"
EndProject
Global
	GlobalSection(SolutionConfigurationPlatforms) = preSolution
		Debug|Any CPU = Debug|Any CPU
		Release|Any CPU = Release|Any CPU
	EndGlobalSection
	GlobalSection(ProjectConfigurationPlatforms) = postSolution
		{5C97A587-FEFC-40D6-A697-4784F587FBBF}.Debug|Any CPU.ActiveCfg = Debug|Any CPU
		{5C97A587-FEFC-40D6-A697-4784F587FBBF}.Debug|Any CPU.Build.0 = Debug|Any CPU
		{5C97A587-FEFC-40D6-A697-4784F587FBBF}.Release|Any CPU.ActiveCfg = Release|Any CPU
		{5C97A587-FEFC-40D6-A697-4784F587FBBF}.Release|Any CPU.Build.0 = Release|Any CPU
	EndGlobalSection
	GlobalSection(SolutionProperties) = preSolution
		HideSolutionNode = FALSE
	EndGlobalSection
	GlobalSection(ExtensibilityGlobals) = postSolution
		SolutionGuid = {004B61B2-3EB1-40C1-8BF6-D8DAA291A358}
	EndGlobalSection
EndGlobal
